
Microsoft Visual Studio Solution File, Format Version 12.00
Project("{FAE04EC0-301F-11D3-BF4B-00C04F79EFBC}") = "DayOne", "DayOne\DayOne.csproj", "{66073D2A-54B4-449D-9083-05C4D51DEF63}"
EndProject
Project("{FAE04EC0-301F-11D3-BF4B-00C04F79EFBC}") = "DayTwo", "DayTwo\DayTwo.csproj", "{FD4269C6-E687-4CE7-B674-C8942362422B}"
EndProject
Global
	GlobalSection(SolutionConfigurationPlatforms) = preSolution
		Debug|Any CPU = Debug|Any CPU
		Release|Any CPU = Release|Any CPU
	EndGlobalSection
	GlobalSection(ProjectConfigurationPlatforms) = postSolution
		{66073D2A-54B4-449D-9083-05C4D51DEF63}.Debug|Any CPU.ActiveCfg = Debug|Any CPU
		{66073D2A-54B4-449D-9083-05C4D51DEF63}.Debug|Any CPU.Build.0 = Debug|Any CPU
		{66073D2A-54B4-449D-9083-05C4D51DEF63}.Release|Any CPU.ActiveCfg = Release|Any CPU
		{66073D2A-54B4-449D-9083-05C4D51DEF63}.Release|Any CPU.Build.0 = Release|Any CPU
		{FD4269C6-E687-4CE7-B674-C8942362422B}.Debug|Any CPU.ActiveCfg = Debug|Any CPU
		{FD4269C6-E687-4CE7-B674-C8942362422B}.Debug|Any CPU.Build.0 = Debug|Any CPU
		{FD4269C6-E687-4CE7-B674-C8942362422B}.Release|Any CPU.ActiveCfg = Release|Any CPU
		{FD4269C6-E687-4CE7-B674-C8942362422B}.Release|Any CPU.Build.0 = Release|Any CPU
	EndGlobalSection
EndGlobal
