
Microsoft Visual Studio Solution File, Format Version 12.00
Project("{FAE04EC0-301F-11D3-BF4B-00C04F79EFBC}") = "DayOne", "DayOne\DayOne.csproj", "{66073D2A-54B4-449D-9083-05C4D51DEF63}"
EndProject
Project("{FAE04EC0-301F-11D3-BF4B-00C04F79EFBC}") = "DayTwo", "DayTwo\DayTwo.csproj", "{FD4269C6-E687-4CE7-B674-C8942362422B}"
EndProject
Project("{FAE04EC0-301F-11D3-BF4B-00C04F79EFBC}") = "AdventOfCode.Shared", "AdventOfCode.Shared\AdventOfCode.Shared.csproj", "{FC798E8C-46E4-4D26-9E17-16DF59CAB283}"
EndProject
Project("{FAE04EC0-301F-11D3-BF4B-00C04F79EFBC}") = "DayThree", "DayThree\DayThree.csproj", "{66DC1035-A8C2-4B3C-BD33-C76707FD8AA1}"
EndProject
Project("{FAE04EC0-301F-11D3-BF4B-00C04F79EFBC}") = "DayFour", "DayFour\DayFour.csproj", "{76CD9BAA-9847-4846-83A6-D5521BA4F900}"
EndProject
Project("{FAE04EC0-301F-11D3-BF4B-00C04F79EFBC}") = "DayFive", "DayFive\DayFive.csproj", "{A222F78D-00E1-4212-AA8A-82CCF26A7525}"
EndProject
Project("{FAE04EC0-301F-11D3-BF4B-00C04F79EFBC}") = "DaySix", "DaySix\DaySix.csproj", "{E4A3915A-ED1E-4C74-B1B7-A0CF8D42EDFE}"
EndProject
Global
	GlobalSection(SolutionConfigurationPlatforms) = preSolution
		Debug|Any CPU = Debug|Any CPU
		Release|Any CPU = Release|Any CPU
	EndGlobalSection
	GlobalSection(ProjectConfigurationPlatforms) = postSolution
		{66073D2A-54B4-449D-9083-05C4D51DEF63}.Debug|Any CPU.ActiveCfg = Debug|Any CPU
		{66073D2A-54B4-449D-9083-05C4D51DEF63}.Debug|Any CPU.Build.0 = Debug|Any CPU
		{66073D2A-54B4-449D-9083-05C4D51DEF63}.Release|Any CPU.ActiveCfg = Release|Any CPU
		{66073D2A-54B4-449D-9083-05C4D51DEF63}.Release|Any CPU.Build.0 = Release|Any CPU
		{FD4269C6-E687-4CE7-B674-C8942362422B}.Debug|Any CPU.ActiveCfg = Debug|Any CPU
		{FD4269C6-E687-4CE7-B674-C8942362422B}.Debug|Any CPU.Build.0 = Debug|Any CPU
		{FD4269C6-E687-4CE7-B674-C8942362422B}.Release|Any CPU.ActiveCfg = Release|Any CPU
		{FD4269C6-E687-4CE7-B674-C8942362422B}.Release|Any CPU.Build.0 = Release|Any CPU
		{FC798E8C-46E4-4D26-9E17-16DF59CAB283}.Debug|Any CPU.ActiveCfg = Debug|Any CPU
		{FC798E8C-46E4-4D26-9E17-16DF59CAB283}.Debug|Any CPU.Build.0 = Debug|Any CPU
		{FC798E8C-46E4-4D26-9E17-16DF59CAB283}.Release|Any CPU.ActiveCfg = Release|Any CPU
		{FC798E8C-46E4-4D26-9E17-16DF59CAB283}.Release|Any CPU.Build.0 = Release|Any CPU
		{66DC1035-A8C2-4B3C-BD33-C76707FD8AA1}.Debug|Any CPU.ActiveCfg = Debug|Any CPU
		{66DC1035-A8C2-4B3C-BD33-C76707FD8AA1}.Debug|Any CPU.Build.0 = Debug|Any CPU
		{66DC1035-A8C2-4B3C-BD33-C76707FD8AA1}.Release|Any CPU.ActiveCfg = Release|Any CPU
		{66DC1035-A8C2-4B3C-BD33-C76707FD8AA1}.Release|Any CPU.Build.0 = Release|Any CPU
		{76CD9BAA-9847-4846-83A6-D5521BA4F900}.Debug|Any CPU.ActiveCfg = Debug|Any CPU
		{76CD9BAA-9847-4846-83A6-D5521BA4F900}.Debug|Any CPU.Build.0 = Debug|Any CPU
		{76CD9BAA-9847-4846-83A6-D5521BA4F900}.Release|Any CPU.ActiveCfg = Release|Any CPU
		{76CD9BAA-9847-4846-83A6-D5521BA4F900}.Release|Any CPU.Build.0 = Release|Any CPU
		{A222F78D-00E1-4212-AA8A-82CCF26A7525}.Debug|Any CPU.ActiveCfg = Debug|Any CPU
		{A222F78D-00E1-4212-AA8A-82CCF26A7525}.Debug|Any CPU.Build.0 = Debug|Any CPU
		{A222F78D-00E1-4212-AA8A-82CCF26A7525}.Release|Any CPU.ActiveCfg = Release|Any CPU
		{A222F78D-00E1-4212-AA8A-82CCF26A7525}.Release|Any CPU.Build.0 = Release|Any CPU
		{E4A3915A-ED1E-4C74-B1B7-A0CF8D42EDFE}.Debug|Any CPU.ActiveCfg = Debug|Any CPU
		{E4A3915A-ED1E-4C74-B1B7-A0CF8D42EDFE}.Debug|Any CPU.Build.0 = Debug|Any CPU
		{E4A3915A-ED1E-4C74-B1B7-A0CF8D42EDFE}.Release|Any CPU.ActiveCfg = Release|Any CPU
		{E4A3915A-ED1E-4C74-B1B7-A0CF8D42EDFE}.Release|Any CPU.Build.0 = Release|Any CPU
	EndGlobalSection
EndGlobal
